
Microsoft Visual Studio Solution File, Format Version 12.00
# Visual Studio 15
VisualStudioVersion = 15.0.26403.7
MinimumVisualStudioVersion = 10.0.40219.1
Project("{FAE04EC0-301F-11D3-BF4B-00C04F79EFBC}") = "B2kConstructionApi", "B2kConstructionApi\B2kConstructionApi.csproj", "{435F48B7-E9CA-4592-B053-9EEC7E6A0042}"
EndProject
Project("{FAE04EC0-301F-11D3-BF4B-00C04F79EFBC}") = "CoreRepo", "CoreRepo\CoreRepo.csproj", "{54C70FD5-15F1-4C8B-929D-78CFBBE01E32}"
EndProject
Project("{FAE04EC0-301F-11D3-BF4B-00C04F79EFBC}") = "ModelsAndMaps", "ModelsAndMaps\ModelsAndMaps.csproj", "{24A0EE6B-EA3D-4DC6-A30A-3712B92A0485}"
EndProject
Project("{FAE04EC0-301F-11D3-BF4B-00C04F79EFBC}") = "Services", "Services\Services.csproj", "{A1A9D71B-A62F-4303-A2D4-5F4BEADD6E59}"
EndProject
Global
	GlobalSection(SolutionConfigurationPlatforms) = preSolution
		Debug|Any CPU = Debug|Any CPU
		Release|Any CPU = Release|Any CPU
	EndGlobalSection
	GlobalSection(ProjectConfigurationPlatforms) = postSolution
		{435F48B7-E9CA-4592-B053-9EEC7E6A0042}.Debug|Any CPU.ActiveCfg = Debug|Any CPU
		{435F48B7-E9CA-4592-B053-9EEC7E6A0042}.Debug|Any CPU.Build.0 = Debug|Any CPU
		{435F48B7-E9CA-4592-B053-9EEC7E6A0042}.Release|Any CPU.ActiveCfg = Release|Any CPU
		{435F48B7-E9CA-4592-B053-9EEC7E6A0042}.Release|Any CPU.Build.0 = Release|Any CPU
		{54C70FD5-15F1-4C8B-929D-78CFBBE01E32}.Debug|Any CPU.ActiveCfg = Debug|Any CPU
		{54C70FD5-15F1-4C8B-929D-78CFBBE01E32}.Debug|Any CPU.Build.0 = Debug|Any CPU
		{54C70FD5-15F1-4C8B-929D-78CFBBE01E32}.Release|Any CPU.ActiveCfg = Release|Any CPU
		{54C70FD5-15F1-4C8B-929D-78CFBBE01E32}.Release|Any CPU.Build.0 = Release|Any CPU
		{24A0EE6B-EA3D-4DC6-A30A-3712B92A0485}.Debug|Any CPU.ActiveCfg = Debug|Any CPU
		{24A0EE6B-EA3D-4DC6-A30A-3712B92A0485}.Debug|Any CPU.Build.0 = Debug|Any CPU
		{24A0EE6B-EA3D-4DC6-A30A-3712B92A0485}.Release|Any CPU.ActiveCfg = Release|Any CPU
		{24A0EE6B-EA3D-4DC6-A30A-3712B92A0485}.Release|Any CPU.Build.0 = Release|Any CPU
		{A1A9D71B-A62F-4303-A2D4-5F4BEADD6E59}.Debug|Any CPU.ActiveCfg = Debug|Any CPU
		{A1A9D71B-A62F-4303-A2D4-5F4BEADD6E59}.Debug|Any CPU.Build.0 = Debug|Any CPU
		{A1A9D71B-A62F-4303-A2D4-5F4BEADD6E59}.Release|Any CPU.ActiveCfg = Release|Any CPU
		{A1A9D71B-A62F-4303-A2D4-5F4BEADD6E59}.Release|Any CPU.Build.0 = Release|Any CPU
	EndGlobalSection
	GlobalSection(SolutionProperties) = preSolution
		HideSolutionNode = FALSE
	EndGlobalSection
EndGlobal
